# This file is autogenerated, do not edit; changes may be undone by the next 'dep ensure'.


[[projects]]
  digest = "1:ffadaa3e19072a02b4727002937b7a677973f2eed0a89b4a8c750576339bbaa5"
  name = "github.com/asecurityteam/logevent"
  packages = [
    ".",
    "http",
  ]
  pruneopts = "UT"
  revision = "b32737d8d51c86c030b126ef9028cb2bab259aa1"
  version = "1.0.4"

[[projects]]
  branch = "master"
  digest = "1:fe321de7854c65af149fe7c66a7ed3ad82046902536e1aa41ec509f5fb942426"
  name = "github.com/asecurityteam/runhttp"
  packages = ["."]
  pruneopts = "UT"
  revision = "60620809c4931ced5fde6400c2462236cf3e9c16"

[[projects]]
  branch = "master"
  digest = "1:7a3676b59256c1c3c046536e2fbc9fb6be69c213fefdcfd5108a3e71c1d11994"
  name = "github.com/asecurityteam/serverfull"
  packages = [
    "pkg",
    "pkg/domain",
    "pkg/handlerfetcher",
    "pkg/handlers/v1",
  ]
  pruneopts = "UT"
  revision = "81a2983288791c4aad176a3e98d809b925b65d90"

[[projects]]
  branch = "master"
  digest = "1:391bbf4e67d50d74c1bb7dfad79222181327ff6d9a32324ed022b12051b5d5e8"
  name = "github.com/asecurityteam/settings"
  packages = ["."]
  pruneopts = "UT"
  revision = "d4142d59861b3779aeba32111096d43ae940e49d"

[[projects]]
  digest = "1:fc53fe55ee530de09a7593d102a4aae9df3fa085abeb9fbd41becc6d56e335f2"
  name = "github.com/aws/aws-lambda-go"
  packages = [
    "lambda",
    "lambda/handlertrace",
    "lambda/messages",
    "lambdacontext",
  ]
  pruneopts = "UT"
  revision = "c83699c938a36c6d111f9837be9295184efeeb2e"
  version = "v1.9.0"

[[projects]]
  digest = "1:ffe9824d294da03b391f44e1ae8281281b4afc1bdaa9588c9097785e3af10cec"
  name = "github.com/davecgh/go-spew"
  packages = ["spew"]
  pruneopts = "UT"
  revision = "8991bc29aa16c548c550c7ff78260e27b9ab7c73"
  version = "v1.1.1"

[[projects]]
  digest = "1:af43bdaaf86655a2343f113e9b293bbc16b12099eaeb223982bbe4d4c22ba14d"
  name = "github.com/fatih/structs"
  packages = ["."]
  pruneopts = "UT"
  revision = "4966fc68f5b7593aafa6cbbba2d65ec6e1416047"
  version = "v1.1.0"

[[projects]]
  digest = "1:cb53653e4e410ef91f3a83568464ef966e1732ad9a00b2719571f90eae9a15a7"
  name = "github.com/go-chi/chi"
  packages = [
    ".",
    "middleware",
  ]
  pruneopts = "UT"
  revision = "08d9051ef6546d57c5dca8eae13e6df362e2d568"
  version = "v3.3.4"

[[projects]]
  digest = "1:4d2e5a73dc1500038e504a8d78b986630e3626dc027bc030ba5c75da257cdb96"
  name = "github.com/go-yaml/yaml"
  packages = ["."]
  pruneopts = "UT"
  revision = "51d6538a90f86fe93ac480b35f37b2be17fef232"
  version = "v2.2.2"

[[projects]]
  digest = "1:b60efdeb75d3c0ceed88783ac2495256aba3491a537d0f31401202579fd62a94"
  name = "github.com/golang/mock"
  packages = ["gomock"]
  pruneopts = "UT"
  revision = "51421b967af1f557f93a59e0057aaf15ca02e29c"
  version = "v1.2.0"

[[projects]]
  digest = "1:0028cb19b2e4c3112225cd871870f2d9cf49b9b4276531f03438a88e94be86fe"
  name = "github.com/pmezard/go-difflib"
  packages = ["difflib"]
  pruneopts = "UT"
  revision = "792786c7400a136282c1664665ae0a8db921c6c2"
  version = "v1.0.0"

[[projects]]
  digest = "1:9665a593c0199c193341b8b110e31b19c899923711fc70bde2c2f3eb2d337526"
  name = "github.com/rs/xhandler"
  packages = ["."]
  pruneopts = "UT"
  revision = "d9d9599b6aaf6a058cb7b1f48291ded2cbd13390"
  version = "v1.0"

[[projects]]
  branch = "master"
  digest = "1:b312ce0585169062a8b55dd8ad9bacd54cc98b056670b8638da86b5535ebcd41"
  name = "github.com/rs/xstats"
  packages = [
    ".",
    "dogstatsd",
  ]
  pruneopts = "UT"
  revision = "c67367528e160e557423e4d87059614d8c31a582"

[[projects]]
  digest = "1:772057e3c30cb5bee83fb0ff67b9255f9d9aa551f500ed85c103e68b4ed02112"
  name = "github.com/rs/zerolog"
  packages = [
    ".",
    "internal/cbor",
    "internal/json",
  ]
  pruneopts = "UT"
  revision = "651d361cfeb9d0f5b9f1d14b162c66c82509ef6d"
  version = "v1.13.0"

[[projects]]
  digest = "1:08d65904057412fc0270fc4812a1c90c594186819243160dc779a402d4b6d0bc"
  name = "github.com/spf13/cast"
  packages = ["."]
  pruneopts = "UT"
  revision = "8c9545af88b134710ab1cd196795e7f2388358d7"
  version = "v1.3.0"

[[projects]]
  digest = "1:5da8ce674952566deae4dbc23d07c85caafc6cfa815b0b3e03e41979cedb8750"
  name = "github.com/stretchr/testify"
  packages = [
    "assert",
    "require",
  ]
  pruneopts = "UT"
  revision = "ffdc059bfe9ce6a4e144ba849dbedead332c6053"
  version = "v1.3.0"

[[projects]]
  branch = "master"
  digest = "1:76ee51c3f468493aff39dbacc401e8831fbb765104cbf613b89bef01cf4bad70"
  name = "golang.org/x/net"
  packages = ["context"]
  pruneopts = "UT"
  revision = "e3b2ff56ed879efa686c9d09ed74f9bfe42f1a1d"

[solve-meta]
  analyzer-name = "dep"
  analyzer-version = 1
  input-imports = [
    "github.com/asecurityteam/logevent",
    "github.com/asecurityteam/runhttp",
    "github.com/asecurityteam/serverfull/pkg",
    "github.com/asecurityteam/serverfull/pkg/domain",
    "github.com/asecurityteam/settings",
    "github.com/aws/aws-lambda-go/lambda",
    "github.com/golang/mock/gomock",
    "github.com/stretchr/testify/require",
  ]
  solver-name = "gps-cdcl"
  solver-version = 1
